
Microsoft Visual Studio Solution File, Format Version 12.00
# Visual Studio Version 16
VisualStudioVersion = 16.0.31321.278
MinimumVisualStudioVersion = 10.0.40219.1
Project("{FAE04EC0-301F-11D3-BF4B-00C04F79EFBC}") = "Tech Assignment 2 - Basic Console App", "Tech Assignment 2 - Basic Console App\Tech Assignment 2 - Basic Console App.csproj", "{CAD47AFD-554E-4183-A5C2-DC724ED3CEEE}"
EndProject
Global
	GlobalSection(SolutionConfigurationPlatforms) = preSolution
		Debug|Any CPU = Debug|Any CPU
		Release|Any CPU = Release|Any CPU
	EndGlobalSection
	GlobalSection(ProjectConfigurationPlatforms) = postSolution
		{CAD47AFD-554E-4183-A5C2-DC724ED3CEEE}.Debug|Any CPU.ActiveCfg = Debug|Any CPU
		{CAD47AFD-554E-4183-A5C2-DC724ED3CEEE}.Debug|Any CPU.Build.0 = Debug|Any CPU
		{CAD47AFD-554E-4183-A5C2-DC724ED3CEEE}.Release|Any CPU.ActiveCfg = Release|Any CPU
		{CAD47AFD-554E-4183-A5C2-DC724ED3CEEE}.Release|Any CPU.Build.0 = Release|Any CPU
	EndGlobalSection
	GlobalSection(SolutionProperties) = preSolution
		HideSolutionNode = FALSE
	EndGlobalSection
	GlobalSection(ExtensibilityGlobals) = postSolution
		SolutionGuid = {B9F82D4C-4F62-4804-BE48-C8B57022A4D7}
	EndGlobalSection
EndGlobal
